
Microsoft Visual Studio Solution File, Format Version 11.00
# Visual Studio 2010
Project("{8BC9CEB8-8B4A-11D0-8D11-00A0C91BC942}") = "Building", "Building\Building.vcxproj", "{9B7A3BAC-1704-4CBD-A448-38EE0A3795DA}"
EndProject
Global
	GlobalSection(SolutionConfigurationPlatforms) = preSolution
		Debug|Win32 = Debug|Win32
		Release|Win32 = Release|Win32
	EndGlobalSection
	GlobalSection(ProjectConfigurationPlatforms) = postSolution
		{9B7A3BAC-1704-4CBD-A448-38EE0A3795DA}.Debug|Win32.ActiveCfg = Debug|Win32
		{9B7A3BAC-1704-4CBD-A448-38EE0A3795DA}.Debug|Win32.Build.0 = Debug|Win32
		{9B7A3BAC-1704-4CBD-A448-38EE0A3795DA}.Release|Win32.ActiveCfg = Release|Win32
		{9B7A3BAC-1704-4CBD-A448-38EE0A3795DA}.Release|Win32.Build.0 = Release|Win32
	EndGlobalSection
	GlobalSection(SolutionProperties) = preSolution
		HideSolutionNode = FALSE
	EndGlobalSection
EndGlobal
